
Microsoft Visual Studio Solution File, Format Version 12.00
# Visual Studio Version 16
VisualStudioVersion = 16.0.31129.286
MinimumVisualStudioVersion = 10.0.40219.1
Project("{FAE04EC0-301F-11D3-BF4B-00C04F79EFBC}") = "MyDictionaryClass", "MyDictionaryClass\MyDictionaryClass.csproj", "{2960E92A-28F2-4FAD-95F3-C831D2FA40D9}"
EndProject
Global
	GlobalSection(SolutionConfigurationPlatforms) = preSolution
		Debug|Any CPU = Debug|Any CPU
		Release|Any CPU = Release|Any CPU
	EndGlobalSection
	GlobalSection(ProjectConfigurationPlatforms) = postSolution
		{2960E92A-28F2-4FAD-95F3-C831D2FA40D9}.Debug|Any CPU.ActiveCfg = Debug|Any CPU
		{2960E92A-28F2-4FAD-95F3-C831D2FA40D9}.Debug|Any CPU.Build.0 = Debug|Any CPU
		{2960E92A-28F2-4FAD-95F3-C831D2FA40D9}.Release|Any CPU.ActiveCfg = Release|Any CPU
		{2960E92A-28F2-4FAD-95F3-C831D2FA40D9}.Release|Any CPU.Build.0 = Release|Any CPU
	EndGlobalSection
	GlobalSection(SolutionProperties) = preSolution
		HideSolutionNode = FALSE
	EndGlobalSection
	GlobalSection(ExtensibilityGlobals) = postSolution
		SolutionGuid = {D004AD96-0067-49C5-80F2-853C3773F100}
	EndGlobalSection
EndGlobal
